// !$*UTF8*$!
{
	archiveVersion = 1;
	classes = {
	};
	objectVersion = 56;
	objects = {

/* Begin PBXBuildFile section */
		D954E8D72A46F544008D4F3A /* RaiseFlagAppApp.swift in Sources */ = {isa = PBXBuildFile; fileRef = D954E8D62A46F544008D4F3A /* RaiseFlagAppApp.swift */; };
		D954E8D92A46F544008D4F3A /* ContentView.swift in Sources */ = {isa = PBXBuildFile; fileRef = D954E8D82A46F544008D4F3A /* ContentView.swift */; };
		D954E8DB2A46F545008D4F3A /* Assets.xcassets in Resources */ = {isa = PBXBuildFile; fileRef = D954E8DA2A46F545008D4F3A /* Assets.xcassets */; };
		D954E8DE2A46F545008D4F3A /* Preview Assets.xcassets in Resources */ = {isa = PBXBuildFile; fileRef = D954E8DD2A46F545008D4F3A /* Preview Assets.xcassets */; };
		D954E8E82A46F545008D4F3A /* RaiseFlagAppTests.swift in Sources */ = {isa = PBXBuildFile; fileRef = D954E8E72A46F545008D4F3A /* RaiseFlagAppTests.swift */; };
		D954E8F22A46F545008D4F3A /* RaiseFlagAppUITests.swift in Sources */ = {isa = PBXBuildFile; fileRef = D954E8F12A46F545008D4F3A /* RaiseFlagAppUITests.swift */; };
		D954E8F42A46F545008D4F3A /* RaiseFlagAppUITestsLaunchTests.swift in Sources */ = {isa = PBXBuildFile; fileRef = D954E8F32A46F545008D4F3A /* RaiseFlagAppUITestsLaunchTests.swift */; };
/* End PBXBuildFile section */

/* Begin PBXContainerItemProxy section */
		D954E8E42A46F545008D4F3A /* PBXContainerItemProxy */ = {
			isa = PBXContainerItemProxy;
			containerPortal = D954E8CB2A46F544008D4F3A /* Project object */;
			proxyType = 1;
			remoteGlobalIDString = D954E8D22A46F544008D4F3A;
			remoteInfo = RaiseFlagApp;
		};
		D954E8EE2A46F545008D4F3A /* PBXContainerItemProxy */ = {
			isa = PBXContainerItemProxy;
			containerPortal = D954E8CB2A46F544008D4F3A /* Project object */;
			proxyType = 1;
			remoteGlobalIDString = D954E8D22A46F544008D4F3A;
			remoteInfo = RaiseFlagApp;
		};
/* End PBXContainerItemProxy section */

/* Begin PBXFileReference section */
		D954E8D32A46F544008D4F3A /* RaiseFlagApp.app */ = {isa = PBXFileReference; explicitFileType = wrapper.application; includeInIndex = 0; path = RaiseFlagApp.app; sourceTree = BUILT_PRODUCTS_DIR; };
		D954E8D62A46F544008D4F3A /* RaiseFlagAppApp.swift */ = {isa = PBXFileReference; lastKnownFileType = sourcecode.swift; path = RaiseFlagAppApp.swift; sourceTree = "<group>"; };
		D954E8D82A46F544008D4F3A /* ContentView.swift */ = {isa = PBXFileReference; lastKnownFileType = sourcecode.swift; path = ContentView.swift; sourceTree = "<group>"; };
		D954E8DA2A46F545008D4F3A /* Assets.xcassets */ = {isa = PBXFileReference; lastKnownFileType = folder.assetcatalog; path = Assets.xcassets; sourceTree = "<group>"; };
		D954E8DD2A46F545008D4F3A /* Preview Assets.xcassets */ = {isa = PBXFileReference; lastKnownFileType = folder.assetcatalog; path = "Preview Assets.xcassets"; sourceTree = "<group>"; };
		D954E8E32A46F545008D4F3A /* RaiseFlagAppTests.xctest */ = {isa = PBXFileReference; explicitFileType = wrapper.cfbundle; includeInIndex = 0; path = RaiseFlagAppTests.xctest; sourceTree = BUILT_PRODUCTS_DIR; };
		D954E8E72A46F545008D4F3A /* RaiseFlagAppTests.swift */ = {isa = PBXFileReference; lastKnownFileType = sourcecode.swift; path = RaiseFlagAppTests.swift; sourceTree = "<group>"; };
		D954E8ED2A46F545008D4F3A /* RaiseFlagAppUITests.xctest */ = {isa = PBXFileReference; explicitFileType = wrapper.cfbundle; includeInIndex = 0; path = RaiseFlagAppUITests.xctest; sourceTree = BUILT_PRODUCTS_DIR; };
		D954E8F12A46F545008D4F3A /* RaiseFlagAppUITests.swift */ = {isa = PBXFileReference; lastKnownFileType = sourcecode.swift; path = RaiseFlagAppUITests.swift; sourceTree = "<group>"; };
		D954E8F32A46F545008D4F3A /* RaiseFlagAppUITestsLaunchTests.swift */ = {isa = PBXFileReference; lastKnownFileType = sourcecode.swift; path = RaiseFlagAppUITestsLaunchTests.swift; sourceTree = "<group>"; };
/* End PBXFileReference section */

/* Begin PBXFrameworksBuildPhase section */
		D954E8D02A46F544008D4F3A /* Frameworks */ = {
			isa = PBXFrameworksBuildPhase;
			buildActionMask = 2147483647;
			files = (
			);
			runOnlyForDeploymentPostprocessing = 0;
		};
		D954E8E02A46F545008D4F3A /* Frameworks */ = {
			isa = PBXFrameworksBuildPhase;
			buildActionMask = 2147483647;
			files = (
			);
			runOnlyForDeploymentPostprocessing = 0;
		};
		D954E8EA2A46F545008D4F3A /* Frameworks */ = {
			isa = PBXFrameworksBuildPhase;
			buildActionMask = 2147483647;
			files = (
			);
			runOnlyForDeploymentPostprocessing = 0;
		};
/* End PBXFrameworksBuildPhase section */

/* Begin PBXGroup section */
		D954E8CA2A46F544008D4F3A = {
			isa = PBXGroup;
			children = (
				D954E8D52A46F544008D4F3A /* RaiseFlagApp */,
				D954E8E62A46F545008D4F3A /* RaiseFlagAppTests */,
				D954E8F02A46F545008D4F3A /* RaiseFlagAppUITests */,
				D954E8D42A46F544008D4F3A /* Products */,
			);
			sourceTree = "<group>";
		};
		D954E8D42A46F544008D4F3A /* Products */ = {
			isa = PBXGroup;
			children = (
				D954E8D32A46F544008D4F3A /* RaiseFlagApp.app */,
				D954E8E32A46F545008D4F3A /* RaiseFlagAppTests.xctest */,
				D954E8ED2A46F545008D4F3A /* RaiseFlagAppUITests.xctest */,
			);
			name = Products;
			sourceTree = "<group>";
		};
		D954E8D52A46F544008D4F3A /* RaiseFlagApp */ = {
			isa = PBXGroup;
			children = (
				D954E8D62A46F544008D4F3A /* RaiseFlagAppApp.swift */,
				D954E8D82A46F544008D4F3A /* ContentView.swift */,
				D954E8DA2A46F545008D4F3A /* Assets.xcassets */,
				D954E8DC2A46F545008D4F3A /* Preview Content */,
			);
			path = RaiseFlagApp;
			sourceTree = "<group>";
		};
		D954E8DC2A46F545008D4F3A /* Preview Content */ = {
			isa = PBXGroup;
			children = (
				D954E8DD2A46F545008D4F3A /* Preview Assets.xcassets */,
			);
			path = "Preview Content";
			sourceTree = "<group>";
		};
		D954E8E62A46F545008D4F3A /* RaiseFlagAppTests */ = {
			isa = PBXGroup;
			children = (
				D954E8E72A46F545008D4F3A /* RaiseFlagAppTests.swift */,
			);
			path = RaiseFlagAppTests;
			sourceTree = "<group>";
		};
		D954E8F02A46F545008D4F3A /* RaiseFlagAppUITests */ = {
			isa = PBXGroup;
			children = (
				D954E8F12A46F545008D4F3A /* RaiseFlagAppUITests.swift */,
				D954E8F32A46F545008D4F3A /* RaiseFlagAppUITestsLaunchTests.swift */,
			);
			path = RaiseFlagAppUITests;
			sourceTree = "<group>";
		};
/* End PBXGroup section */

/* Begin PBXNativeTarget section */
		D954E8D22A46F544008D4F3A /* RaiseFlagApp */ = {
			isa = PBXNativeTarget;
			buildConfigurationList = D954E8F72A46F545008D4F3A /* Build configuration list for PBXNativeTarget "RaiseFlagApp" */;
			buildPhases = (
				D954E8CF2A46F544008D4F3A /* Sources */,
				D954E8D02A46F544008D4F3A /* Frameworks */,
				D954E8D12A46F544008D4F3A /* Resources */,
			);
			buildRules = (
			);
			dependencies = (
			);
			name = RaiseFlagApp;
			productName = RaiseFlagApp;
			productReference = D954E8D32A46F544008D4F3A /* RaiseFlagApp.app */;
			productType = "com.apple.product-type.application";
		};
		D954E8E22A46F545008D4F3A /* RaiseFlagAppTests */ = {
			isa = PBXNativeTarget;
			buildConfigurationList = D954E8FA2A46F545008D4F3A /* Build configuration list for PBXNativeTarget "RaiseFlagAppTests" */;
			buildPhases = (
				D954E8DF2A46F545008D4F3A /* Sources */,
				D954E8E02A46F545008D4F3A /* Frameworks */,
				D954E8E12A46F545008D4F3A /* Resources */,
			);
			buildRules = (
			);
			dependencies = (
				D954E8E52A46F545008D4F3A /* PBXTargetDependency */,
			);
			name = RaiseFlagAppTests;
			productName = RaiseFlagAppTests;
			productReference = D954E8E32A46F545008D4F3A /* RaiseFlagAppTests.xctest */;
			productType = "com.apple.product-type.bundle.unit-test";
		};
		D954E8EC2A46F545008D4F3A /* RaiseFlagAppUITests */ = {
			isa = PBXNativeTarget;
			buildConfigurationList = D954E8FD2A46F545008D4F3A /* Build configuration list for PBXNativeTarget "RaiseFlagAppUITests" */;
			buildPhases = (
				D954E8E92A46F545008D4F3A /* Sources */,
				D954E8EA2A46F545008D4F3A /* Frameworks */,
				D954E8EB2A46F545008D4F3A /* Resources */,
			);
			buildRules = (
			);
			dependencies = (
				D954E8EF2A46F545008D4F3A /* PBXTargetDependency */,
			);
			name = RaiseFlagAppUITests;
			productName = RaiseFlagAppUITests;
			productReference = D954E8ED2A46F545008D4F3A /* RaiseFlagAppUITests.xctest */;
			productType = "com.apple.product-type.bundle.ui-testing";
		};
/* End PBXNativeTarget section */

/* Begin PBXProject section */
		D954E8CB2A46F544008D4F3A /* Project object */ = {
			isa = PBXProject;
			attributes = {
				BuildIndependentTargetsInParallel = 1;
				LastSwiftUpdateCheck = 1430;
				LastUpgradeCheck = 1430;
				TargetAttributes = {
					D954E8D22A46F544008D4F3A = {
						CreatedOnToolsVersion = 14.3.1;
					};
					D954E8E22A46F545008D4F3A = {
						CreatedOnToolsVersion = 14.3.1;
						TestTargetID = D954E8D22A46F544008D4F3A;
					};
					D954E8EC2A46F545008D4F3A = {
						CreatedOnToolsVersion = 14.3.1;
						TestTargetID = D954E8D22A46F544008D4F3A;
					};
				};
			};
			buildConfigurationList = D954E8CE2A46F544008D4F3A /* Build configuration list for PBXProject "RaiseFlagApp" */;
			compatibilityVersion = "Xcode 14.0";
			developmentRegion = en;
			hasScannedForEncodings = 0;
			knownRegions = (
				en,
				Base,
			);
			mainGroup = D954E8CA2A46F544008D4F3A;
			productRefGroup = D954E8D42A46F544008D4F3A /* Products */;
			projectDirPath = "";
			projectRoot = "";
			targets = (
				D954E8D22A46F544008D4F3A /* RaiseFlagApp */,
				D954E8E22A46F545008D4F3A /* RaiseFlagAppTests */,
				D954E8EC2A46F545008D4F3A /* RaiseFlagAppUITests */,
			);
		};
/* End PBXProject section */

/* Begin PBXResourcesBuildPhase section */
		D954E8D12A46F544008D4F3A /* Resources */ = {
			isa = PBXResourcesBuildPhase;
			buildActionMask = 2147483647;
			files = (
				D954E8DE2A46F545008D4F3A /* Preview Assets.xcassets in Resources */,
				D954E8DB2A46F545008D4F3A /* Assets.xcassets in Resources */,
			);
			runOnlyForDeploymentPostprocessing = 0;
		};
		D954E8E12A46F545008D4F3A /* Resources */ = {
			isa = PBXResourcesBuildPhase;
			buildActionMask = 2147483647;
			files = (
			);
			runOnlyForDeploymentPostprocessing = 0;
		};
		D954E8EB2A46F545008D4F3A /* Resources */ = {
			isa = PBXResourcesBuildPhase;
			buildActionMask = 2147483647;
			files = (
			);
			runOnlyForDeploymentPostprocessing = 0;
		};
/* End PBXResourcesBuildPhase section */

/* Begin PBXSourcesBuildPhase section */
		D954E8CF2A46F544008D4F3A /* Sources */ = {
			isa = PBXSourcesBuildPhase;
			buildActionMask = 2147483647;
			files = (
				D954E8D92A46F544008D4F3A /* ContentView.swift in Sources */,
				D954E8D72A46F544008D4F3A /* RaiseFlagAppApp.swift in Sources */,
			);
			runOnlyForDeploymentPostprocessing = 0;
		};
		D954E8DF2A46F545008D4F3A /* Sources */ = {
			isa = PBXSourcesBuildPhase;
			buildActionMask = 2147483647;
			files = (
				D954E8E82A46F545008D4F3A /* RaiseFlagAppTests.swift in Sources */,
			);
			runOnlyForDeploymentPostprocessing = 0;
		};
		D954E8E92A46F545008D4F3A /* Sources */ = {
			isa = PBXSourcesBuildPhase;
			buildActionMask = 2147483647;
			files = (
				D954E8F22A46F545008D4F3A /* RaiseFlagAppUITests.swift in Sources */,
				D954E8F42A46F545008D4F3A /* RaiseFlagAppUITestsLaunchTests.swift in Sources */,
			);
			runOnlyForDeploymentPostprocessing = 0;
		};
/* End PBXSourcesBuildPhase section */

/* Begin PBXTargetDependency section */
		D954E8E52A46F545008D4F3A /* PBXTargetDependency */ = {
			isa = PBXTargetDependency;
			target = D954E8D22A46F544008D4F3A /* RaiseFlagApp */;
			targetProxy = D954E8E42A46F545008D4F3A /* PBXContainerItemProxy */;
		};
		D954E8EF2A46F545008D4F3A /* PBXTargetDependency */ = {
			isa = PBXTargetDependency;
			target = D954E8D22A46F544008D4F3A /* RaiseFlagApp */;
			targetProxy = D954E8EE2A46F545008D4F3A /* PBXContainerItemProxy */;
		};
/* End PBXTargetDependency section */

/* Begin XCBuildConfiguration section */
		D954E8F52A46F545008D4F3A /* Debug */ = {
			isa = XCBuildConfiguration;
			buildSettings = {
				ALWAYS_SEARCH_USER_PATHS = NO;
				CLANG_ANALYZER_NONNULL = YES;
				CLANG_ANALYZER_NUMBER_OBJECT_CONVERSION = YES_AGGRESSIVE;
				CLANG_CXX_LANGUAGE_STANDARD = "gnu++20";
				CLANG_ENABLE_MODULES = YES;
				CLANG_ENABLE_OBJC_ARC = YES;
				CLANG_ENABLE_OBJC_WEAK = YES;
				CLANG_WARN_BLOCK_CAPTURE_AUTORELEASING = YES;
				CLANG_WARN_BOOL_CONVERSION = YES;
				CLANG_WARN_COMMA = YES;
				CLANG_WARN_CONSTANT_CONVERSION = YES;
				CLANG_WARN_DEPRECATED_OBJC_IMPLEMENTATIONS = YES;
				CLANG_WARN_DIRECT_OBJC_ISA_USAGE = YES_ERROR;
				CLANG_WARN_DOCUMENTATION_COMMENTS = YES;
				CLANG_WARN_EMPTY_BODY = YES;
				CLANG_WARN_ENUM_CONVERSION = YES;
				CLANG_WARN_INFINITE_RECURSION = YES;
				CLANG_WARN_INT_CONVERSION = YES;
				CLANG_WARN_NON_LITERAL_NULL_CONVERSION = YES;
				CLANG_WARN_OBJC_IMPLICIT_RETAIN_SELF = YES;
				CLANG_WARN_OBJC_LITERAL_CONVERSION = YES;
				CLANG_WARN_OBJC_ROOT_CLASS = YES_ERROR;
				CLANG_WARN_QUOTED_INCLUDE_IN_FRAMEWORK_HEADER = YES;
				CLANG_WARN_RANGE_LOOP_ANALYSIS = YES;
				CLANG_WARN_STRICT_PROTOTYPES = YES;
				CLANG_WARN_SUSPICIOUS_MOVE = YES;
				CLANG_WARN_UNGUARDED_AVAILABILITY = YES_AGGRESSIVE;
				CLANG_WARN_UNREACHABLE_CODE = YES;
				CLANG_WARN__DUPLICATE_METHOD_MATCH = YES;
				COPY_PHASE_STRIP = NO;
				DEBUG_INFORMATION_FORMAT = dwarf;
				ENABLE_STRICT_OBJC_MSGSEND = YES;
				ENABLE_TESTABILITY = YES;
				GCC_C_LANGUAGE_STANDARD = gnu11;
				GCC_DYNAMIC_NO_PIC = NO;
				GCC_NO_COMMON_BLOCKS = YES;
				GCC_OPTIMIZATION_LEVEL = 0;
				GCC_PREPROCESSOR_DEFINITIONS = (
					"DEBUG=1",
					"$(inherited)",
				);
				GCC_WARN_64_TO_32_BIT_CONVERSION = YES;
				GCC_WARN_ABOUT_RETURN_TYPE = YES_ERROR;
				GCC_WARN_UNDECLARED_SELECTOR = YES;
				GCC_WARN_UNINITIALIZED_AUTOS = YES_AGGRESSIVE;
				GCC_WARN_UNUSED_FUNCTION = YES;
				GCC_WARN_UNUSED_VARIABLE = YES;
				IPHONEOS_DEPLOYMENT_TARGET = 16.4;
				MTL_ENABLE_DEBUG_INFO = INCLUDE_SOURCE;
				MTL_FAST_MATH = YES;
				ONLY_ACTIVE_ARCH = YES;
				SDKROOT = iphoneos;
				SWIFT_ACTIVE_COMPILATION_CONDITIONS = DEBUG;
				SWIFT_OPTIMIZATION_LEVEL = "-Onone";
			};
			name = Debug;
		};
		D954E8F62A46F545008D4F3A /* Release */ = {
			isa = XCBuildConfiguration;
			buildSettings = {
				ALWAYS_SEARCH_USER_PATHS = NO;
				CLANG_ANALYZER_NONNULL = YES;
				CLANG_ANALYZER_NUMBER_OBJECT_CONVERSION = YES_AGGRESSIVE;
				CLANG_CXX_LANGUAGE_STANDARD = "gnu++20";
				CLANG_ENABLE_MODULES = YES;
				CLANG_ENABLE_OBJC_ARC = YES;
				CLANG_ENABLE_OBJC_WEAK = YES;
				CLANG_WARN_BLOCK_CAPTURE_AUTORELEASING = YES;
				CLANG_WARN_BOOL_CONVERSION = YES;
				CLANG_WARN_COMMA = YES;
				CLANG_WARN_CONSTANT_CONVERSION = YES;
				CLANG_WARN_DEPRECATED_OBJC_IMPLEMENTATIONS = YES;
				CLANG_WARN_DIRECT_OBJC_ISA_USAGE = YES_ERROR;
				CLANG_WARN_DOCUMENTATION_COMMENTS = YES;
				CLANG_WARN_EMPTY_BODY = YES;
				CLANG_WARN_ENUM_CONVERSION = YES;
				CLANG_WARN_INFINITE_RECURSION = YES;
				CLANG_WARN_INT_CONVERSION = YES;
				CLANG_WARN_NON_LITERAL_NULL_CONVERSION = YES;
				CLANG_WARN_OBJC_IMPLICIT_RETAIN_SELF = YES;
				CLANG_WARN_OBJC_LITERAL_CONVERSION = YES;
				CLANG_WARN_OBJC_ROOT_CLASS = YES_ERROR;
				CLANG_WARN_QUOTED_INCLUDE_IN_FRAMEWORK_HEADER = YES;
				CLANG_WARN_RANGE_LOOP_ANALYSIS = YES;
				CLANG_WARN_STRICT_PROTOTYPES = YES;
				CLANG_WARN_SUSPICIOUS_MOVE = YES;
				CLANG_WARN_UNGUARDED_AVAILABILITY = YES_AGGRESSIVE;
				CLANG_WARN_UNREACHABLE_CODE = YES;
				CLANG_WARN__DUPLICATE_METHOD_MATCH = YES;
				COPY_PHASE_STRIP = NO;
				DEBUG_INFORMATION_FORMAT = "dwarf-with-dsym";
				ENABLE_NS_ASSERTIONS = NO;
				ENABLE_STRICT_OBJC_MSGSEND = YES;
				GCC_C_LANGUAGE_STANDARD = gnu11;
				GCC_NO_COMMON_BLOCKS = YES;
				GCC_WARN_64_TO_32_BIT_CONVERSION = YES;
				GCC_WARN_ABOUT_RETURN_TYPE = YES_ERROR;
				GCC_WARN_UNDECLARED_SELECTOR = YES;
				GCC_WARN_UNINITIALIZED_AUTOS = YES_AGGRESSIVE;
				GCC_WARN_UNUSED_FUNCTION = YES;
				GCC_WARN_UNUSED_VARIABLE = YES;
				IPHONEOS_DEPLOYMENT_TARGET = 16.4;
				MTL_ENABLE_DEBUG_INFO = NO;
				MTL_FAST_MATH = YES;
				SDKROOT = iphoneos;
				SWIFT_COMPILATION_MODE = wholemodule;
				SWIFT_OPTIMIZATION_LEVEL = "-O";
				VALIDATE_PRODUCT = YES;
			};
			name = Release;
		};
		D954E8F82A46F545008D4F3A /* Debug */ = {
			isa = XCBuildConfiguration;
			buildSettings = {
				ASSETCATALOG_COMPILER_APPICON_NAME = AppIcon;
				ASSETCATALOG_COMPILER_GLOBAL_ACCENT_COLOR_NAME = AccentColor;
				CODE_SIGN_STYLE = Automatic;
				CURRENT_PROJECT_VERSION = 1;
				DEVELOPMENT_ASSET_PATHS = "\"RaiseFlagApp/Preview Content\"";
				ENABLE_PREVIEWS = YES;
				GENERATE_INFOPLIST_FILE = YES;
				INFOPLIST_KEY_UIApplicationSceneManifest_Generation = YES;
				INFOPLIST_KEY_UIApplicationSupportsIndirectInputEvents = YES;
				INFOPLIST_KEY_UILaunchScreen_Generation = YES;
				INFOPLIST_KEY_UISupportedInterfaceOrientations_iPad = "UIInterfaceOrientationPortrait UIInterfaceOrientationPortraitUpsideDown UIInterfaceOrientationLandscapeLeft UIInterfaceOrientationLandscapeRight";
				INFOPLIST_KEY_UISupportedInterfaceOrientations_iPhone = "UIInterfaceOrientationPortrait UIInterfaceOrientationLandscapeLeft UIInterfaceOrientationLandscapeRight";
				LD_RUNPATH_SEARCH_PATHS = (
					"$(inherited)",
					"@executable_path/Frameworks",
				);
				MARKETING_VERSION = 1.0;
				PRODUCT_BUNDLE_IDENTIFIER = uaeflag.RaiseFlagApp;
				PRODUCT_NAME = "$(TARGET_NAME)";
				SWIFT_EMIT_LOC_STRINGS = YES;
				SWIFT_VERSION = 5.0;
				TARGETED_DEVICE_FAMILY = "1,2";
			};
			name = Debug;
		};
		D954E8F92A46F545008D4F3A /* Release */ = {
			isa = XCBuildConfiguration;
			buildSettings = {
				ASSETCATALOG_COMPILER_APPICON_NAME = AppIcon;
				ASSETCATALOG_COMPILER_GLOBAL_ACCENT_COLOR_NAME = AccentColor;
				CODE_SIGN_STYLE = Automatic;
				CURRENT_PROJECT_VERSION = 1;
				DEVELOPMENT_ASSET_PATHS = "\"RaiseFlagApp/Preview Content\"";
				ENABLE_PREVIEWS = YES;
				GENERATE_INFOPLIST_FILE = YES;
				INFOPLIST_KEY_UIApplicationSceneManifest_Generation = YES;
				INFOPLIST_KEY_UIApplicationSupportsIndirectInputEvents = YES;
				INFOPLIST_KEY_UILaunchScreen_Generation = YES;
				INFOPLIST_KEY_UISupportedInterfaceOrientations_iPad = "UIInterfaceOrientationPortrait UIInterfaceOrientationPortraitUpsideDown UIInterfaceOrientationLandscapeLeft UIInterfaceOrientationLandscapeRight";
				INFOPLIST_KEY_UISupportedInterfaceOrientations_iPhone = "UIInterfaceOrientationPortrait UIInterfaceOrientationLandscapeLeft UIInterfaceOrientationLandscapeRight";
				LD_RUNPATH_SEARCH_PATHS = (
					"$(inherited)",
					"@executable_path/Frameworks",
				);
				MARKETING_VERSION = 1.0;
				PRODUCT_BUNDLE_IDENTIFIER = uaeflag.RaiseFlagApp;
				PRODUCT_NAME = "$(TARGET_NAME)";
				SWIFT_EMIT_LOC_STRINGS = YES;
				SWIFT_VERSION = 5.0;
				TARGETED_DEVICE_FAMILY = "1,2";
			};
			name = Release;
		};
		D954E8FB2A46F545008D4F3A /* Debug */ = {
			isa = XCBuildConfiguration;
			buildSettings = {
				ALWAYS_EMBED_SWIFT_STANDARD_LIBRARIES = YES;
				BUNDLE_LOADER = "$(TEST_HOST)";
				CODE_SIGN_STYLE = Automatic;
				CURRENT_PROJECT_VERSION = 1;
				GENERATE_INFOPLIST_FILE = YES;
				IPHONEOS_DEPLOYMENT_TARGET = 16.4;
				MARKETING_VERSION = 1.0;
				PRODUCT_BUNDLE_IDENTIFIER = uaeflag.RaiseFlagAppTests;
				PRODUCT_NAME = "$(TARGET_NAME)";
				SWIFT_EMIT_LOC_STRINGS = NO;
				SWIFT_VERSION = 5.0;
				TARGETED_DEVICE_FAMILY = "1,2";
				TEST_HOST = "$(BUILT_PRODUCTS_DIR)/RaiseFlagApp.app/$(BUNDLE_EXECUTABLE_FOLDER_PATH)/RaiseFlagApp";
			};
			name = Debug;
		};
		D954E8FC2A46F545008D4F3A /* Release */ = {
			isa = XCBuildConfiguration;
			buildSettings = {
				ALWAYS_EMBED_SWIFT_STANDARD_LIBRARIES = YES;
				BUNDLE_LOADER = "$(TEST_HOST)";
				CODE_SIGN_STYLE = Automatic;
				CURRENT_PROJECT_VERSION = 1;
				GENERATE_INFOPLIST_FILE = YES;
				IPHONEOS_DEPLOYMENT_TARGET = 16.4;
				MARKETING_VERSION = 1.0;
				PRODUCT_BUNDLE_IDENTIFIER = uaeflag.RaiseFlagAppTests;
				PRODUCT_NAME = "$(TARGET_NAME)";
				SWIFT_EMIT_LOC_STRINGS = NO;
				SWIFT_VERSION = 5.0;
				TARGETED_DEVICE_FAMILY = "1,2";
				TEST_HOST = "$(BUILT_PRODUCTS_DIR)/RaiseFlagApp.app/$(BUNDLE_EXECUTABLE_FOLDER_PATH)/RaiseFlagApp";
			};
			name = Release;
		};
		D954E8FE2A46F545008D4F3A /* Debug */ = {
			isa = XCBuildConfiguration;
			buildSettings = {
				ALWAYS_EMBED_SWIFT_STANDARD_LIBRARIES = YES;
				CODE_SIGN_STYLE = Automatic;
				CURRENT_PROJECT_VERSION = 1;
				GENERATE_INFOPLIST_FILE = YES;
				MARKETING_VERSION = 1.0;
				PRODUCT_BUNDLE_IDENTIFIER = uaeflag.RaiseFlagAppUITests;
				PRODUCT_NAME = "$(TARGET_NAME)";
				SWIFT_EMIT_LOC_STRINGS = NO;
				SWIFT_VERSION = 5.0;
				TARGETED_DEVICE_FAMILY = "1,2";
				TEST_TARGET_NAME = RaiseFlagApp;
			};
			name = Debug;
		};
		D954E8FF2A46F545008D4F3A /* Release */ = {
			isa = XCBuildConfiguration;
			buildSettings = {
				ALWAYS_EMBED_SWIFT_STANDARD_LIBRARIES = YES;
				CODE_SIGN_STYLE = Automatic;
				CURRENT_PROJECT_VERSION = 1;
				GENERATE_INFOPLIST_FILE = YES;
				MARKETING_VERSION = 1.0;
				PRODUCT_BUNDLE_IDENTIFIER = uaeflag.RaiseFlagAppUITests;
				PRODUCT_NAME = "$(TARGET_NAME)";
				SWIFT_EMIT_LOC_STRINGS = NO;
				SWIFT_VERSION = 5.0;
				TARGETED_DEVICE_FAMILY = "1,2";
				TEST_TARGET_NAME = RaiseFlagApp;
			};
			name = Release;
		};
/* End XCBuildConfiguration section */

/* Begin XCConfigurationList section */
		D954E8CE2A46F544008D4F3A /* Build configuration list for PBXProject "RaiseFlagApp" */ = {
			isa = XCConfigurationList;
			buildConfigurations = (
				D954E8F52A46F545008D4F3A /* Debug */,
				D954E8F62A46F545008D4F3A /* Release */,
			);
			defaultConfigurationIsVisible = 0;
			defaultConfigurationName = Release;
		};
		D954E8F72A46F545008D4F3A /* Build configuration list for PBXNativeTarget "RaiseFlagApp" */ = {
			isa = XCConfigurationList;
			buildConfigurations = (
				D954E8F82A46F545008D4F3A /* Debug */,
				D954E8F92A46F545008D4F3A /* Release */,
			);
			defaultConfigurationIsVisible = 0;
			defaultConfigurationName = Release;
		};
		D954E8FA2A46F545008D4F3A /* Build configuration list for PBXNativeTarget "RaiseFlagAppTests" */ = {
			isa = XCConfigurationList;
			buildConfigurations = (
				D954E8FB2A46F545008D4F3A /* Debug */,
				D954E8FC2A46F545008D4F3A /* Release */,
			);
			defaultConfigurationIsVisible = 0;
			defaultConfigurationName = Release;
		};
		D954E8FD2A46F545008D4F3A /* Build configuration list for PBXNativeTarget "RaiseFlagAppUITests" */ = {
			isa = XCConfigurationList;
			buildConfigurations = (
				D954E8FE2A46F545008D4F3A /* Debug */,
				D954E8FF2A46F545008D4F3A /* Release */,
			);
			defaultConfigurationIsVisible = 0;
			defaultConfigurationName = Release;
		};
/* End XCConfigurationList section */
	};
	rootObject = D954E8CB2A46F544008D4F3A /* Project object */;
}
